{
  "name": "@yaakapp/cli",
  "version": "0.0.39",
  "lockfileVersion": 3,
  "requires": true,
  "packages": {
    "": {
      "name": "@yaakapp/cli",
      "version": "0.0.39",
      "hasInstallScript": true,
      "bin": {
        "yaakcli": "bin/cli.js"
      },
      "optionalDependencies": {
        "@yaakapp/cli-darwin-arm64": "0.0.39",
        "@yaakapp/cli-darwin-x64": "0.0.39",
        "@yaakapp/cli-linux-arm64": "0.0.39",
        "@yaakapp/cli-linux-x64": "0.0.39",
        "@yaakapp/cli-win32-arm64": "0.0.39",
        "@yaakapp/cli-win32-x64": "0.0.39"
      }
    },
    "node_modules/@yaakapp/cli-darwin-arm64": {
      "version": "0.0.39",
      "resolved": "https://registry.npmjs.org/@yaakapp/cli-darwin-arm64/-/cli-darwin-arm64-0.0.39.tgz",
      "integrity": "sha512-nlyK8FwOCtkb4zRRqfaJHbVPVbmfdT6p631lDmWj5PITFpK1kGQrJNW8H2eKRnywqlo4Nw2k1t87g8kPPqoRTA==",
      "optional": true,
      "os": [
        "darwin"
      ]
    },
    "node_modules/@yaakapp/cli-darwin-x64": {
      "version": "0.0.39",
      "resolved": "https://registry.npmjs.org/@yaakapp/cli-darwin-x64/-/cli-darwin-x64-0.0.39.tgz",
      "integrity": "sha512-MFyS/0ToD+XRPNp3HNh0pAEwz9q5plE2YtiXYo9CUagLUp3nVHkA0E44O0/ggTBWXGHxb7VFHwB0lfKKMk2j/w==",
      "optional": true,
      "os": [
        "darwin"
      ]
    },
    "node_modules/@yaakapp/cli-linux-x64": {
      "version": "0.0.39",
      "resolved": "https://registry.npmjs.org/@yaakapp/cli-linux-x64/-/cli-linux-x64-0.0.39.tgz",
      "integrity": "sha512-2/v8+QgovmHGP7CHxD86yjPVYpVYInY+GjBeRcqXNCYEKKU+a4f+9MPegadaPoL7MsAc4UZVGJ4fnIvzlMTJZw==",
      "optional": true,
      "os": [
        "linux"
      ]
    },
    "node_modules/@yaakapp/cli-win32-x64": {
      "version": "0.0.39",
      "resolved": "https://registry.npmjs.org/@yaakapp/cli-win32-x64/-/cli-win32-x64-0.0.39.tgz",
      "integrity": "sha512-7qvwKWyD3W4U10W+MOqotIECiew7xAvccjmWqtjMjYidJFcKdmdLDpij/LjSOml5/NonK/W7m1P8Pp3Ss2yk/g==",
      "optional": true,
      "os": [
        "win32"
      ]
    }
  }
}
